// !$*UTF8*$!
{
	archiveVersion = 1;
	classes = {
	};
	objectVersion = 46;
	objects = {

/* Begin PBXBuildFile section */
		961200A21BD8673000C449A6 /* Content+UIImage.swift in Sources */ = {isa = PBXBuildFile; fileRef = 961200A11BD8673000C449A6 /* Content+UIImage.swift */; settings = {ASSET_TAGS = (); }; };
		9688D06A1BD4249700A70097 /* Content+String.swift in Sources */ = {isa = PBXBuildFile; fileRef = 9688D0691BD4249700A70097 /* Content+String.swift */; settings = {ASSET_TAGS = (); }; };
		9693BFB61BD165AC0087054A /* ContentKit.framework in Frameworks */ = {isa = PBXBuildFile; fileRef = 9693BFAB1BD165AC0087054A /* ContentKit.framework */; settings = {ASSET_TAGS = (); }; };
		9693BFCB1BD166080087054A /* ContentKitTests.swift in Sources */ = {isa = PBXBuildFile; fileRef = 9693BFC91BD166080087054A /* ContentKitTests.swift */; settings = {ASSET_TAGS = (); }; };
		9693BFD61BD18C5E0087054A /* ContentText.swift in Sources */ = {isa = PBXBuildFile; fileRef = 9693BFD51BD18C5E0087054A /* ContentText.swift */; settings = {ASSET_TAGS = (); }; };
		9693BFD81BD18CCA0087054A /* ContentTextStorage.swift in Sources */ = {isa = PBXBuildFile; fileRef = 9693BFD71BD18CCA0087054A /* ContentTextStorage.swift */; settings = {ASSET_TAGS = (); }; };
/* End PBXBuildFile section */

/* Begin PBXContainerItemProxy section */
		9693BFB71BD165AC0087054A /* PBXContainerItemProxy */ = {
			isa = PBXContainerItemProxy;
			containerPortal = 9693BFA21BD165AC0087054A /* Project object */;
			proxyType = 1;
			remoteGlobalIDString = 9693BFAA1BD165AC0087054A;
			remoteInfo = ContentKit;
		};
/* End PBXContainerItemProxy section */

/* Begin PBXFileReference section */
		961200A11BD8673000C449A6 /* Content+UIImage.swift */ = {isa = PBXFileReference; fileEncoding = 4; lastKnownFileType = sourcecode.swift; path = "Content+UIImage.swift"; sourceTree = "<group>"; };
		9688D0691BD4249700A70097 /* Content+String.swift */ = {isa = PBXFileReference; fileEncoding = 4; lastKnownFileType = sourcecode.swift; path = "Content+String.swift"; sourceTree = "<group>"; };
		9693BFAB1BD165AC0087054A /* ContentKit.framework */ = {isa = PBXFileReference; explicitFileType = wrapper.framework; includeInIndex = 0; path = ContentKit.framework; sourceTree = BUILT_PRODUCTS_DIR; };
		9693BFB51BD165AC0087054A /* ContentKitTests.xctest */ = {isa = PBXFileReference; explicitFileType = wrapper.cfbundle; includeInIndex = 0; path = ContentKitTests.xctest; sourceTree = BUILT_PRODUCTS_DIR; };
		9693BFC61BD165FE0087054A /* Info.plist */ = {isa = PBXFileReference; fileEncoding = 4; lastKnownFileType = text.plist.xml; path = Info.plist; sourceTree = "<group>"; };
		9693BFC91BD166080087054A /* ContentKitTests.swift */ = {isa = PBXFileReference; fileEncoding = 4; lastKnownFileType = sourcecode.swift; path = ContentKitTests.swift; sourceTree = "<group>"; };
		9693BFCA1BD166080087054A /* Info.plist */ = {isa = PBXFileReference; fileEncoding = 4; lastKnownFileType = text.plist.xml; path = Info.plist; sourceTree = "<group>"; };
		9693BFD11BD1667B0087054A /* LICENSE */ = {isa = PBXFileReference; lastKnownFileType = text; path = LICENSE; sourceTree = "<group>"; };
		9693BFD51BD18C5E0087054A /* ContentText.swift */ = {isa = PBXFileReference; fileEncoding = 4; lastKnownFileType = sourcecode.swift; path = ContentText.swift; sourceTree = "<group>"; };
		9693BFD71BD18CCA0087054A /* ContentTextStorage.swift */ = {isa = PBXFileReference; fileEncoding = 4; lastKnownFileType = sourcecode.swift; path = ContentTextStorage.swift; sourceTree = "<group>"; };
/* End PBXFileReference section */

/* Begin PBXFrameworksBuildPhase section */
		9693BFA71BD165AC0087054A /* Frameworks */ = {
			isa = PBXFrameworksBuildPhase;
			buildActionMask = 2147483647;
			files = (
			);
			runOnlyForDeploymentPostprocessing = 0;
		};
		9693BFB21BD165AC0087054A /* Frameworks */ = {
			isa = PBXFrameworksBuildPhase;
			buildActionMask = 2147483647;
			files = (
				9693BFB61BD165AC0087054A /* ContentKit.framework in Frameworks */,
			);
			runOnlyForDeploymentPostprocessing = 0;
		};
/* End PBXFrameworksBuildPhase section */

/* Begin PBXGroup section */
		9612009B1BD6DC1E00C449A6 /* Capture */ = {
			isa = PBXGroup;
			children = (
			);
			name = Capture;
			sourceTree = "<group>";
		};
		961200A01BD865E100C449A6 /* Image */ = {
			isa = PBXGroup;
			children = (
				961200A11BD8673000C449A6 /* Content+UIImage.swift */,
			);
			name = Image;
			sourceTree = "<group>";
		};
		9688D0681BD4247F00A70097 /* String */ = {
			isa = PBXGroup;
			children = (
				9688D0691BD4249700A70097 /* Content+String.swift */,
			);
			name = String;
			sourceTree = "<group>";
		};
		9693BFA11BD165AC0087054A = {
			isa = PBXGroup;
			children = (
				9693BFC51BD165FE0087054A /* Source */,
				9693BFC81BD166080087054A /* Tests */,
				9693BFAC1BD165AC0087054A /* Products */,
			);
			sourceTree = "<group>";
		};
		9693BFAC1BD165AC0087054A /* Products */ = {
			isa = PBXGroup;
			children = (
				9693BFAB1BD165AC0087054A /* ContentKit.framework */,
				9693BFB51BD165AC0087054A /* ContentKitTests.xctest */,
			);
			name = Products;
			sourceTree = "<group>";
		};
		9693BFC51BD165FE0087054A /* Source */ = {
			isa = PBXGroup;
			children = (
				961200A01BD865E100C449A6 /* Image */,
				9612009B1BD6DC1E00C449A6 /* Capture */,
				9693BFD11BD1667B0087054A /* LICENSE */,
				9693BFD01BD166310087054A /* Supporting Files */,
				9688D0681BD4247F00A70097 /* String */,
				9693BFD41BD18C4F0087054A /* Text */,
			);
			path = Source;
			sourceTree = "<group>";
		};
		9693BFC81BD166080087054A /* Tests */ = {
			isa = PBXGroup;
			children = (
				9693BFCF1BD166230087054A /* Supporting Files */,
				9693BFC91BD166080087054A /* ContentKitTests.swift */,
			);
			path = Tests;
			sourceTree = "<group>";
		};
		9693BFCF1BD166230087054A /* Supporting Files */ = {
			isa = PBXGroup;
			children = (
				9693BFCA1BD166080087054A /* Info.plist */,
			);
			name = "Supporting Files";
			sourceTree = "<group>";
		};
		9693BFD01BD166310087054A /* Supporting Files */ = {
			isa = PBXGroup;
			children = (
				9693BFC61BD165FE0087054A /* Info.plist */,
			);
			name = "Supporting Files";
			sourceTree = "<group>";
		};
		9693BFD41BD18C4F0087054A /* Text */ = {
			isa = PBXGroup;
			children = (
				9693BFD51BD18C5E0087054A /* ContentText.swift */,
				9693BFD71BD18CCA0087054A /* ContentTextStorage.swift */,
			);
			name = Text;
			sourceTree = "<group>";
		};
/* End PBXGroup section */

/* Begin PBXHeadersBuildPhase section */
		9693BFA81BD165AC0087054A /* Headers */ = {
			isa = PBXHeadersBuildPhase;
			buildActionMask = 2147483647;
			files = (
			);
			runOnlyForDeploymentPostprocessing = 0;
		};
/* End PBXHeadersBuildPhase section */

/* Begin PBXNativeTarget section */
		9693BFAA1BD165AC0087054A /* ContentKit */ = {
			isa = PBXNativeTarget;
			buildConfigurationList = 9693BFBF1BD165AC0087054A /* Build configuration list for PBXNativeTarget "ContentKit" */;
			buildPhases = (
				9693BFA61BD165AC0087054A /* Sources */,
				9693BFA71BD165AC0087054A /* Frameworks */,
				9693BFA81BD165AC0087054A /* Headers */,
				9693BFA91BD165AC0087054A /* Resources */,
			);
			buildRules = (
			);
			dependencies = (
			);
			name = ContentKit;
			productName = ContentKit;
			productReference = 9693BFAB1BD165AC0087054A /* ContentKit.framework */;
			productType = "com.apple.product-type.framework";
		};
		9693BFB41BD165AC0087054A /* ContentKitTests */ = {
			isa = PBXNativeTarget;
			buildConfigurationList = 9693BFC21BD165AC0087054A /* Build configuration list for PBXNativeTarget "ContentKitTests" */;
			buildPhases = (
				9693BFB11BD165AC0087054A /* Sources */,
				9693BFB21BD165AC0087054A /* Frameworks */,
				9693BFB31BD165AC0087054A /* Resources */,
			);
			buildRules = (
			);
			dependencies = (
				9693BFB81BD165AC0087054A /* PBXTargetDependency */,
			);
			name = ContentKitTests;
			productName = ContentKitTests;
			productReference = 9693BFB51BD165AC0087054A /* ContentKitTests.xctest */;
			productType = "com.apple.product-type.bundle.unit-test";
		};
/* End PBXNativeTarget section */

/* Begin PBXProject section */
		9693BFA21BD165AC0087054A /* Project object */ = {
			isa = PBXProject;
			attributes = {
				LastSwiftUpdateCheck = 0700;
				LastUpgradeCheck = 0700;
				ORGANIZATIONNAME = "GraphKit Inc.";
				TargetAttributes = {
					9693BFAA1BD165AC0087054A = {
						CreatedOnToolsVersion = 7.0.1;
					};
					9693BFB41BD165AC0087054A = {
						CreatedOnToolsVersion = 7.0.1;
					};
				};
			};
			buildConfigurationList = 9693BFA51BD165AC0087054A /* Build configuration list for PBXProject "ContentKit" */;
			compatibilityVersion = "Xcode 3.2";
			developmentRegion = English;
			hasScannedForEncodings = 0;
			knownRegions = (
				en,
			);
			mainGroup = 9693BFA11BD165AC0087054A;
			productRefGroup = 9693BFAC1BD165AC0087054A /* Products */;
			projectDirPath = "";
			projectRoot = "";
			targets = (
				9693BFAA1BD165AC0087054A /* ContentKit */,
				9693BFB41BD165AC0087054A /* ContentKitTests */,
			);
		};
/* End PBXProject section */

/* Begin PBXResourcesBuildPhase section */
		9693BFA91BD165AC0087054A /* Resources */ = {
			isa = PBXResourcesBuildPhase;
			buildActionMask = 2147483647;
			files = (
			);
			runOnlyForDeploymentPostprocessing = 0;
		};
		9693BFB31BD165AC0087054A /* Resources */ = {
			isa = PBXResourcesBuildPhase;
			buildActionMask = 2147483647;
			files = (
			);
			runOnlyForDeploymentPostprocessing = 0;
		};
/* End PBXResourcesBuildPhase section */

/* Begin PBXSourcesBuildPhase section */
		9693BFA61BD165AC0087054A /* Sources */ = {
			isa = PBXSourcesBuildPhase;
			buildActionMask = 2147483647;
			files = (
				9688D06A1BD4249700A70097 /* Content+String.swift in Sources */,
				9693BFD81BD18CCA0087054A /* ContentTextStorage.swift in Sources */,
				9693BFD61BD18C5E0087054A /* ContentText.swift in Sources */,
				961200A21BD8673000C449A6 /* Content+UIImage.swift in Sources */,
			);
			runOnlyForDeploymentPostprocessing = 0;
		};
		9693BFB11BD165AC0087054A /* Sources */ = {
			isa = PBXSourcesBuildPhase;
			buildActionMask = 2147483647;
			files = (
				9693BFCB1BD166080087054A /* ContentKitTests.swift in Sources */,
			);
			runOnlyForDeploymentPostprocessing = 0;
		};
/* End PBXSourcesBuildPhase section */

/* Begin PBXTargetDependency section */
		9693BFB81BD165AC0087054A /* PBXTargetDependency */ = {
			isa = PBXTargetDependency;
			target = 9693BFAA1BD165AC0087054A /* ContentKit */;
			targetProxy = 9693BFB71BD165AC0087054A /* PBXContainerItemProxy */;
		};
/* End PBXTargetDependency section */

/* Begin XCBuildConfiguration section */
		9693BFBD1BD165AC0087054A /* Debug */ = {
			isa = XCBuildConfiguration;
			buildSettings = {
				ALWAYS_SEARCH_USER_PATHS = NO;
				CLANG_CXX_LANGUAGE_STANDARD = "gnu++0x";
				CLANG_CXX_LIBRARY = "libc++";
				CLANG_ENABLE_MODULES = YES;
				CLANG_ENABLE_OBJC_ARC = YES;
				CLANG_WARN_BOOL_CONVERSION = YES;
				CLANG_WARN_CONSTANT_CONVERSION = YES;
				CLANG_WARN_DIRECT_OBJC_ISA_USAGE = YES_ERROR;
				CLANG_WARN_EMPTY_BODY = YES;
				CLANG_WARN_ENUM_CONVERSION = YES;
				CLANG_WARN_INT_CONVERSION = YES;
				CLANG_WARN_OBJC_ROOT_CLASS = YES_ERROR;
				CLANG_WARN_UNREACHABLE_CODE = YES;
				CLANG_WARN__DUPLICATE_METHOD_MATCH = YES;
				"CODE_SIGN_IDENTITY[sdk=iphoneos*]" = "iPhone Developer";
				COPY_PHASE_STRIP = NO;
				CURRENT_PROJECT_VERSION = 1;
				DEBUG_INFORMATION_FORMAT = dwarf;
				ENABLE_STRICT_OBJC_MSGSEND = YES;
				ENABLE_TESTABILITY = YES;
				GCC_C_LANGUAGE_STANDARD = gnu99;
				GCC_DYNAMIC_NO_PIC = NO;
				GCC_NO_COMMON_BLOCKS = YES;
				GCC_OPTIMIZATION_LEVEL = 0;
				GCC_PREPROCESSOR_DEFINITIONS = (
					"DEBUG=1",
					"$(inherited)",
				);
				GCC_WARN_64_TO_32_BIT_CONVERSION = YES;
				GCC_WARN_ABOUT_RETURN_TYPE = YES_ERROR;
				GCC_WARN_UNDECLARED_SELECTOR = YES;
				GCC_WARN_UNINITIALIZED_AUTOS = YES_AGGRESSIVE;
				GCC_WARN_UNUSED_FUNCTION = YES;
				GCC_WARN_UNUSED_VARIABLE = YES;
				IPHONEOS_DEPLOYMENT_TARGET = 8.0;
				MTL_ENABLE_DEBUG_INFO = YES;
				ONLY_ACTIVE_ARCH = YES;
				SDKROOT = iphoneos;
				SWIFT_OPTIMIZATION_LEVEL = "-Onone";
				TARGETED_DEVICE_FAMILY = "1,2";
				VERSIONING_SYSTEM = "apple-generic";
				VERSION_INFO_PREFIX = "";
			};
			name = Debug;
		};
		9693BFBE1BD165AC0087054A /* Release */ = {
			isa = XCBuildConfiguration;
			buildSettings = {
				ALWAYS_SEARCH_USER_PATHS = NO;
				CLANG_CXX_LANGUAGE_STANDARD = "gnu++0x";
				CLANG_CXX_LIBRARY = "libc++";
				CLANG_ENABLE_MODULES = YES;
				CLANG_ENABLE_OBJC_ARC = YES;
				CLANG_WARN_BOOL_CONVERSION = YES;
				CLANG_WARN_CONSTANT_CONVERSION = YES;
				CLANG_WARN_DIRECT_OBJC_ISA_USAGE = YES_ERROR;
				CLANG_WARN_EMPTY_BODY = YES;
				CLANG_WARN_ENUM_CONVERSION = YES;
				CLANG_WARN_INT_CONVERSION = YES;
				CLANG_WARN_OBJC_ROOT_CLASS = YES_ERROR;
				CLANG_WARN_UNREACHABLE_CODE = YES;
				CLANG_WARN__DUPLICATE_METHOD_MATCH = YES;
				"CODE_SIGN_IDENTITY[sdk=iphoneos*]" = "iPhone Developer";
				COPY_PHASE_STRIP = NO;
				CURRENT_PROJECT_VERSION = 1;
				DEBUG_INFORMATION_FORMAT = "dwarf-with-dsym";
				ENABLE_NS_ASSERTIONS = NO;
				ENABLE_STRICT_OBJC_MSGSEND = YES;
				GCC_C_LANGUAGE_STANDARD = gnu99;
				GCC_NO_COMMON_BLOCKS = YES;
				GCC_WARN_64_TO_32_BIT_CONVERSION = YES;
				GCC_WARN_ABOUT_RETURN_TYPE = YES_ERROR;
				GCC_WARN_UNDECLARED_SELECTOR = YES;
				GCC_WARN_UNINITIALIZED_AUTOS = YES_AGGRESSIVE;
				GCC_WARN_UNUSED_FUNCTION = YES;
				GCC_WARN_UNUSED_VARIABLE = YES;
				IPHONEOS_DEPLOYMENT_TARGET = 8.0;
				MTL_ENABLE_DEBUG_INFO = NO;
				SDKROOT = iphoneos;
				TARGETED_DEVICE_FAMILY = "1,2";
				VALIDATE_PRODUCT = YES;
				VERSIONING_SYSTEM = "apple-generic";
				VERSION_INFO_PREFIX = "";
			};
			name = Release;
		};
		9693BFC01BD165AC0087054A /* Debug */ = {
			isa = XCBuildConfiguration;
			buildSettings = {
				CLANG_ENABLE_MODULES = YES;
				DEFINES_MODULE = YES;
				DYLIB_COMPATIBILITY_VERSION = 1;
				DYLIB_CURRENT_VERSION = 1;
				DYLIB_INSTALL_NAME_BASE = "@rpath";
				INFOPLIST_FILE = Source/Info.plist;
				INSTALL_PATH = "$(LOCAL_LIBRARY_DIR)/Frameworks";
				LD_RUNPATH_SEARCH_PATHS = "$(inherited) @executable_path/Frameworks @loader_path/Frameworks";
				PRODUCT_BUNDLE_IDENTIFIER = io.graphkit.ContentKit;
				PRODUCT_NAME = ContentKit;
				SKIP_INSTALL = YES;
				SWIFT_OPTIMIZATION_LEVEL = "-Onone";
			};
			name = Debug;
		};
		9693BFC11BD165AC0087054A /* Release */ = {
			isa = XCBuildConfiguration;
			buildSettings = {
				CLANG_ENABLE_MODULES = YES;
				DEFINES_MODULE = YES;
				DYLIB_COMPATIBILITY_VERSION = 1;
				DYLIB_CURRENT_VERSION = 1;
				DYLIB_INSTALL_NAME_BASE = "@rpath";
				INFOPLIST_FILE = Source/Info.plist;
				INSTALL_PATH = "$(LOCAL_LIBRARY_DIR)/Frameworks";
				LD_RUNPATH_SEARCH_PATHS = "$(inherited) @executable_path/Frameworks @loader_path/Frameworks";
				PRODUCT_BUNDLE_IDENTIFIER = io.graphkit.ContentKit;
				PRODUCT_NAME = ContentKit;
				SKIP_INSTALL = YES;
			};
			name = Release;
		};
		9693BFC31BD165AC0087054A /* Debug */ = {
			isa = XCBuildConfiguration;
			buildSettings = {
				INFOPLIST_FILE = Tests/Info.plist;
				LD_RUNPATH_SEARCH_PATHS = "$(inherited) @executable_path/Frameworks @loader_path/Frameworks";
				PRODUCT_BUNDLE_IDENTIFIER = io.graphkit.ContentKitTests;
				PRODUCT_NAME = "$(TARGET_NAME)";
			};
			name = Debug;
		};
		9693BFC41BD165AC0087054A /* Release */ = {
			isa = XCBuildConfiguration;
			buildSettings = {
				INFOPLIST_FILE = Tests/Info.plist;
				LD_RUNPATH_SEARCH_PATHS = "$(inherited) @executable_path/Frameworks @loader_path/Frameworks";
				PRODUCT_BUNDLE_IDENTIFIER = io.graphkit.ContentKitTests;
				PRODUCT_NAME = "$(TARGET_NAME)";
			};
			name = Release;
		};
/* End XCBuildConfiguration section */

/* Begin XCConfigurationList section */
		9693BFA51BD165AC0087054A /* Build configuration list for PBXProject "ContentKit" */ = {
			isa = XCConfigurationList;
			buildConfigurations = (
				9693BFBD1BD165AC0087054A /* Debug */,
				9693BFBE1BD165AC0087054A /* Release */,
			);
			defaultConfigurationIsVisible = 0;
			defaultConfigurationName = Release;
		};
		9693BFBF1BD165AC0087054A /* Build configuration list for PBXNativeTarget "ContentKit" */ = {
			isa = XCConfigurationList;
			buildConfigurations = (
				9693BFC01BD165AC0087054A /* Debug */,
				9693BFC11BD165AC0087054A /* Release */,
			);
			defaultConfigurationIsVisible = 0;
			defaultConfigurationName = Release;
		};
		9693BFC21BD165AC0087054A /* Build configuration list for PBXNativeTarget "ContentKitTests" */ = {
			isa = XCConfigurationList;
			buildConfigurations = (
				9693BFC31BD165AC0087054A /* Debug */,
				9693BFC41BD165AC0087054A /* Release */,
			);
			defaultConfigurationIsVisible = 0;
			defaultConfigurationName = Release;
		};
/* End XCConfigurationList section */
	};
	rootObject = 9693BFA21BD165AC0087054A /* Project object */;
}
